// !$*UTF8*$!
{
	archiveVersion = 1;
	classes = {
	};
	objectVersion = 77;
	objects = {

/* Begin PBXBuildFile section */
		103EBD1E823007A76FBC626C /* menubar_icon.png in Resources */ = {isa = PBXBuildFile; fileRef = 35198ACD41994F53BA36B6B9 /* menubar_icon.png */; };
		317F06D5FFEA867FE7103EDE /* ContentView.swift in Sources */ = {isa = PBXBuildFile; fileRef = 8F30BE2F5C53A15FC9121FF5 /* ContentView.swift */; };
		4F9BE78DA8E3C86A6F2E9184 /* ReminderSettings.swift in Sources */ = {isa = PBXBuildFile; fileRef = BF51B12E4EDCBAEAA43F9121 /* ReminderSettings.swift */; };
		5AA9E2828B2350EFEB5E5224 /* AssistantModels.swift in Sources */ = {isa = PBXBuildFile; fileRef = FD68F48786509C349657A3BC /* AssistantModels.swift */; };
		5EBF201A4258A70F3473A5D7 /* logo_chibi.png in Resources */ = {isa = PBXBuildFile; fileRef = F27A4AEDDD6E270F15B61BE8 /* logo_chibi.png */; };
		8A8908B5B8CE12CE503CF5CB /* ReminderScheduler.swift in Sources */ = {isa = PBXBuildFile; fileRef = 53FFF7706F1C60DE8FE77DE8 /* ReminderScheduler.swift */; };
		94BA6764EE636A7D9C81D341 /* MouseMoverService.swift in Sources */ = {isa = PBXBuildFile; fileRef = C64A6EC9D6C706B69652AADD /* MouseMoverService.swift */; };
		97D719C4C3997851941825E9 /* MenuBarMenuView.swift in Sources */ = {isa = PBXBuildFile; fileRef = F5C5301B6614357672D49242 /* MenuBarMenuView.swift */; };
		BFFF9E87418569391991BED1 /* MenuBarTodayView.swift in Sources */ = {isa = PBXBuildFile; fileRef = 84FF9D67970902324CCA7577 /* MenuBarTodayView.swift */; };
		EA2EA5DED68BCE84DDEA78F1 /* ReminderViewModel.swift in Sources */ = {isa = PBXBuildFile; fileRef = CF6480C36873D3D9859A5B8D /* ReminderViewModel.swift */; };
		F13801F0D981C5510AFD65AA /* StandUpReminderApp.swift in Sources */ = {isa = PBXBuildFile; fileRef = B6B7077FE4774B6ECAC49C93 /* StandUpReminderApp.swift */; };
/* End PBXBuildFile section */

/* Begin PBXFileReference section */
		35198ACD41994F53BA36B6B9 /* menubar_icon.png */ = {isa = PBXFileReference; lastKnownFileType = image.png; path = menubar_icon.png; sourceTree = "<group>"; };
		53FFF7706F1C60DE8FE77DE8 /* ReminderScheduler.swift */ = {isa = PBXFileReference; lastKnownFileType = sourcecode.swift; path = ReminderScheduler.swift; sourceTree = "<group>"; };
		84FF9D67970902324CCA7577 /* MenuBarTodayView.swift */ = {isa = PBXFileReference; lastKnownFileType = sourcecode.swift; path = MenuBarTodayView.swift; sourceTree = "<group>"; };
		8F30BE2F5C53A15FC9121FF5 /* ContentView.swift */ = {isa = PBXFileReference; lastKnownFileType = sourcecode.swift; path = ContentView.swift; sourceTree = "<group>"; };
		A0510F94E70390EDC1F12533 /* StandUpReminder.app */ = {isa = PBXFileReference; explicitFileType = wrapper.application; includeInIndex = 0; path = StandUpReminder.app; sourceTree = BUILT_PRODUCTS_DIR; };
		B6B7077FE4774B6ECAC49C93 /* StandUpReminderApp.swift */ = {isa = PBXFileReference; lastKnownFileType = sourcecode.swift; path = StandUpReminderApp.swift; sourceTree = "<group>"; };
		BF51B12E4EDCBAEAA43F9121 /* ReminderSettings.swift */ = {isa = PBXFileReference; lastKnownFileType = sourcecode.swift; path = ReminderSettings.swift; sourceTree = "<group>"; };
		C64A6EC9D6C706B69652AADD /* MouseMoverService.swift */ = {isa = PBXFileReference; lastKnownFileType = sourcecode.swift; path = MouseMoverService.swift; sourceTree = "<group>"; };
		CF6480C36873D3D9859A5B8D /* ReminderViewModel.swift */ = {isa = PBXFileReference; lastKnownFileType = sourcecode.swift; path = ReminderViewModel.swift; sourceTree = "<group>"; };
		F27A4AEDDD6E270F15B61BE8 /* logo_chibi.png */ = {isa = PBXFileReference; lastKnownFileType = image.png; path = logo_chibi.png; sourceTree = "<group>"; };
		F5C5301B6614357672D49242 /* MenuBarMenuView.swift */ = {isa = PBXFileReference; lastKnownFileType = sourcecode.swift; path = MenuBarMenuView.swift; sourceTree = "<group>"; };
		FD68F48786509C349657A3BC /* AssistantModels.swift */ = {isa = PBXFileReference; lastKnownFileType = sourcecode.swift; path = AssistantModels.swift; sourceTree = "<group>"; };
/* End PBXFileReference section */

/* Begin PBXGroup section */
		7949DE6E35E54362FB310E08 = {
			isa = PBXGroup;
			children = (
				AB42D4D651D0480A5A38F7C6 /* Resources */,
				C6773DDAB80C1F06E3229983 /* StandUpReminder */,
				960917D5C6A58291E0AACCB7 /* Products */,
			);
			sourceTree = "<group>";
		};
		960917D5C6A58291E0AACCB7 /* Products */ = {
			isa = PBXGroup;
			children = (
				A0510F94E70390EDC1F12533 /* StandUpReminder.app */,
			);
			name = Products;
			sourceTree = "<group>";
		};
		AB42D4D651D0480A5A38F7C6 /* Resources */ = {
			isa = PBXGroup;
			children = (
				F27A4AEDDD6E270F15B61BE8 /* logo_chibi.png */,
				35198ACD41994F53BA36B6B9 /* menubar_icon.png */,
			);
			path = Resources;
			sourceTree = "<group>";
		};
		C6773DDAB80C1F06E3229983 /* StandUpReminder */ = {
			isa = PBXGroup;
			children = (
				FD68F48786509C349657A3BC /* AssistantModels.swift */,
				8F30BE2F5C53A15FC9121FF5 /* ContentView.swift */,
				F5C5301B6614357672D49242 /* MenuBarMenuView.swift */,
				84FF9D67970902324CCA7577 /* MenuBarTodayView.swift */,
				C64A6EC9D6C706B69652AADD /* MouseMoverService.swift */,
				53FFF7706F1C60DE8FE77DE8 /* ReminderScheduler.swift */,
				BF51B12E4EDCBAEAA43F9121 /* ReminderSettings.swift */,
				CF6480C36873D3D9859A5B8D /* ReminderViewModel.swift */,
				B6B7077FE4774B6ECAC49C93 /* StandUpReminderApp.swift */,
			);
			name = StandUpReminder;
			path = Sources/StandUpReminder;
			sourceTree = "<group>";
		};
/* End PBXGroup section */

/* Begin PBXNativeTarget section */
		F74CF7C291BF554AC6D3112A /* StandUpReminder */ = {
			isa = PBXNativeTarget;
			buildConfigurationList = 9D3740B21D3A07AEFAD93C06 /* Build configuration list for PBXNativeTarget "StandUpReminder" */;
			buildPhases = (
				4CF54DCBF7B637ED366E7BD1 /* Sources */,
				D0D71A80B6159EE6340952B6 /* Resources */,
			);
			buildRules = (
			);
			dependencies = (
			);
			name = StandUpReminder;
			packageProductDependencies = (
			);
			productName = StandUpReminder;
			productReference = A0510F94E70390EDC1F12533 /* StandUpReminder.app */;
			productType = "com.apple.product-type.application";
		};
/* End PBXNativeTarget section */

/* Begin PBXProject section */
		D91D2A39003460E3D106527F /* Project object */ = {
			isa = PBXProject;
			attributes = {
				BuildIndependentTargetsInParallel = YES;
				LastUpgradeCheck = 1430;
			};
			buildConfigurationList = FD4D76D88AC2FF1F7DD97B76 /* Build configuration list for PBXProject "StandUpReminder" */;
			compatibilityVersion = "Xcode 14.0";
			developmentRegion = en;
			hasScannedForEncodings = 0;
			knownRegions = (
				Base,
				en,
			);
			mainGroup = 7949DE6E35E54362FB310E08;
			minimizedProjectReferenceProxies = 1;
			preferredProjectObjectVersion = 77;
			projectDirPath = "";
			projectRoot = "";
			targets = (
				F74CF7C291BF554AC6D3112A /* StandUpReminder */,
			);
		};
/* End PBXProject section */

/* Begin PBXResourcesBuildPhase section */
		D0D71A80B6159EE6340952B6 /* Resources */ = {
			isa = PBXResourcesBuildPhase;
			buildActionMask = 2147483647;
			files = (
				5EBF201A4258A70F3473A5D7 /* logo_chibi.png in Resources */,
				103EBD1E823007A76FBC626C /* menubar_icon.png in Resources */,
			);
			runOnlyForDeploymentPostprocessing = 0;
		};
/* End PBXResourcesBuildPhase section */

/* Begin PBXSourcesBuildPhase section */
		4CF54DCBF7B637ED366E7BD1 /* Sources */ = {
			isa = PBXSourcesBuildPhase;
			buildActionMask = 2147483647;
			files = (
				5AA9E2828B2350EFEB5E5224 /* AssistantModels.swift in Sources */,
				317F06D5FFEA867FE7103EDE /* ContentView.swift in Sources */,
				97D719C4C3997851941825E9 /* MenuBarMenuView.swift in Sources */,
				BFFF9E87418569391991BED1 /* MenuBarTodayView.swift in Sources */,
				94BA6764EE636A7D9C81D341 /* MouseMoverService.swift in Sources */,
				8A8908B5B8CE12CE503CF5CB /* ReminderScheduler.swift in Sources */,
				4F9BE78DA8E3C86A6F2E9184 /* ReminderSettings.swift in Sources */,
				EA2EA5DED68BCE84DDEA78F1 /* ReminderViewModel.swift in Sources */,
				F13801F0D981C5510AFD65AA /* StandUpReminderApp.swift in Sources */,
			);
			runOnlyForDeploymentPostprocessing = 0;
		};
/* End PBXSourcesBuildPhase section */

/* Begin XCBuildConfiguration section */
		6AEF00531E4A33197CED4B8E /* Debug */ = {
			isa = XCBuildConfiguration;
			buildSettings = {
				ASSETCATALOG_COMPILER_APPICON_NAME = AppIcon;
				CODE_SIGNING_ALLOWED = NO;
				COMBINE_HIDPI_IMAGES = YES;
				GENERATE_INFOPLIST_FILE = NO;
				INFOPLIST_FILE = App/Info.plist;
				LD_RUNPATH_SEARCH_PATHS = (
					"$(inherited)",
					"@executable_path/../Frameworks",
				);
				PRODUCT_BUNDLE_IDENTIFIER = com.haotingyi.standupreminder;
				PRODUCT_NAME = StandUpReminder;
				SDKROOT = macosx;
			};
			name = Debug;
		};
		7129D110E7A859FF701FEC4D /* Release */ = {
			isa = XCBuildConfiguration;
			buildSettings = {
				ALWAYS_SEARCH_USER_PATHS = NO;
				CLANG_ANALYZER_NONNULL = YES;
				CLANG_ANALYZER_NUMBER_OBJECT_CONVERSION = YES_AGGRESSIVE;
				CLANG_CXX_LANGUAGE_STANDARD = "gnu++14";
				CLANG_CXX_LIBRARY = "libc++";
				CLANG_ENABLE_MODULES = YES;
				CLANG_ENABLE_OBJC_ARC = YES;
				CLANG_ENABLE_OBJC_WEAK = YES;
				CLANG_WARN_BLOCK_CAPTURE_AUTORELEASING = YES;
				CLANG_WARN_BOOL_CONVERSION = YES;
				CLANG_WARN_COMMA = YES;
				CLANG_WARN_CONSTANT_CONVERSION = YES;
				CLANG_WARN_DEPRECATED_OBJC_IMPLEMENTATIONS = YES;
				CLANG_WARN_DIRECT_OBJC_ISA_USAGE = YES_ERROR;
				CLANG_WARN_DOCUMENTATION_COMMENTS = YES;
				CLANG_WARN_EMPTY_BODY = YES;
				CLANG_WARN_ENUM_CONVERSION = YES;
				CLANG_WARN_INFINITE_RECURSION = YES;
				CLANG_WARN_INT_CONVERSION = YES;
				CLANG_WARN_NON_LITERAL_NULL_CONVERSION = YES;
				CLANG_WARN_OBJC_IMPLICIT_RETAIN_SELF = YES;
				CLANG_WARN_OBJC_LITERAL_CONVERSION = YES;
				CLANG_WARN_OBJC_ROOT_CLASS = YES_ERROR;
				CLANG_WARN_QUOTED_INCLUDE_IN_FRAMEWORK_HEADER = YES;
				CLANG_WARN_RANGE_LOOP_ANALYSIS = YES;
				CLANG_WARN_STRICT_PROTOTYPES = YES;
				CLANG_WARN_SUSPICIOUS_MOVE = YES;
				CLANG_WARN_UNGUARDED_AVAILABILITY = YES_AGGRESSIVE;
				CLANG_WARN_UNREACHABLE_CODE = YES;
				CLANG_WARN__DUPLICATE_METHOD_MATCH = YES;
				COPY_PHASE_STRIP = NO;
				DEBUG_INFORMATION_FORMAT = "dwarf-with-dsym";
				ENABLE_NS_ASSERTIONS = NO;
				ENABLE_STRICT_OBJC_MSGSEND = YES;
				GCC_C_LANGUAGE_STANDARD = gnu11;
				GCC_NO_COMMON_BLOCKS = YES;
				GCC_WARN_64_TO_32_BIT_CONVERSION = YES;
				GCC_WARN_ABOUT_RETURN_TYPE = YES_ERROR;
				GCC_WARN_UNDECLARED_SELECTOR = YES;
				GCC_WARN_UNINITIALIZED_AUTOS = YES_AGGRESSIVE;
				GCC_WARN_UNUSED_FUNCTION = YES;
				GCC_WARN_UNUSED_VARIABLE = YES;
				MACOSX_DEPLOYMENT_TARGET = 26.0;
				MTL_ENABLE_DEBUG_INFO = NO;
				MTL_FAST_MATH = YES;
				PRODUCT_NAME = "$(TARGET_NAME)";
				SDKROOT = macosx;
				SWIFT_COMPILATION_MODE = wholemodule;
				SWIFT_OPTIMIZATION_LEVEL = "-O";
				SWIFT_VERSION = 6.0;
			};
			name = Release;
		};
		745D5200BA5F01FB93525430 /* Debug */ = {
			isa = XCBuildConfiguration;
			buildSettings = {
				ALWAYS_SEARCH_USER_PATHS = NO;
				CLANG_ANALYZER_NONNULL = YES;
				CLANG_ANALYZER_NUMBER_OBJECT_CONVERSION = YES_AGGRESSIVE;
				CLANG_CXX_LANGUAGE_STANDARD = "gnu++14";
				CLANG_CXX_LIBRARY = "libc++";
				CLANG_ENABLE_MODULES = YES;
				CLANG_ENABLE_OBJC_ARC = YES;
				CLANG_ENABLE_OBJC_WEAK = YES;
				CLANG_WARN_BLOCK_CAPTURE_AUTORELEASING = YES;
				CLANG_WARN_BOOL_CONVERSION = YES;
				CLANG_WARN_COMMA = YES;
				CLANG_WARN_CONSTANT_CONVERSION = YES;
				CLANG_WARN_DEPRECATED_OBJC_IMPLEMENTATIONS = YES;
				CLANG_WARN_DIRECT_OBJC_ISA_USAGE = YES_ERROR;
				CLANG_WARN_DOCUMENTATION_COMMENTS = YES;
				CLANG_WARN_EMPTY_BODY = YES;
				CLANG_WARN_ENUM_CONVERSION = YES;
				CLANG_WARN_INFINITE_RECURSION = YES;
				CLANG_WARN_INT_CONVERSION = YES;
				CLANG_WARN_NON_LITERAL_NULL_CONVERSION = YES;
				CLANG_WARN_OBJC_IMPLICIT_RETAIN_SELF = YES;
				CLANG_WARN_OBJC_LITERAL_CONVERSION = YES;
				CLANG_WARN_OBJC_ROOT_CLASS = YES_ERROR;
				CLANG_WARN_QUOTED_INCLUDE_IN_FRAMEWORK_HEADER = YES;
				CLANG_WARN_RANGE_LOOP_ANALYSIS = YES;
				CLANG_WARN_STRICT_PROTOTYPES = YES;
				CLANG_WARN_SUSPICIOUS_MOVE = YES;
				CLANG_WARN_UNGUARDED_AVAILABILITY = YES_AGGRESSIVE;
				CLANG_WARN_UNREACHABLE_CODE = YES;
				CLANG_WARN__DUPLICATE_METHOD_MATCH = YES;
				COPY_PHASE_STRIP = NO;
				DEBUG_INFORMATION_FORMAT = dwarf;
				ENABLE_STRICT_OBJC_MSGSEND = YES;
				ENABLE_TESTABILITY = YES;
				GCC_C_LANGUAGE_STANDARD = gnu11;
				GCC_DYNAMIC_NO_PIC = NO;
				GCC_NO_COMMON_BLOCKS = YES;
				GCC_OPTIMIZATION_LEVEL = 0;
				GCC_PREPROCESSOR_DEFINITIONS = (
					"$(inherited)",
					"DEBUG=1",
				);
				GCC_WARN_64_TO_32_BIT_CONVERSION = YES;
				GCC_WARN_ABOUT_RETURN_TYPE = YES_ERROR;
				GCC_WARN_UNDECLARED_SELECTOR = YES;
				GCC_WARN_UNINITIALIZED_AUTOS = YES_AGGRESSIVE;
				GCC_WARN_UNUSED_FUNCTION = YES;
				GCC_WARN_UNUSED_VARIABLE = YES;
				MACOSX_DEPLOYMENT_TARGET = 26.0;
				MTL_ENABLE_DEBUG_INFO = INCLUDE_SOURCE;
				MTL_FAST_MATH = YES;
				ONLY_ACTIVE_ARCH = YES;
				PRODUCT_NAME = "$(TARGET_NAME)";
				SDKROOT = macosx;
				SWIFT_ACTIVE_COMPILATION_CONDITIONS = DEBUG;
				SWIFT_OPTIMIZATION_LEVEL = "-Onone";
				SWIFT_VERSION = 6.0;
			};
			name = Debug;
		};
		CEE1C8E0332D21FFBE18BC28 /* Release */ = {
			isa = XCBuildConfiguration;
			buildSettings = {
				ASSETCATALOG_COMPILER_APPICON_NAME = AppIcon;
				CODE_SIGNING_ALLOWED = NO;
				COMBINE_HIDPI_IMAGES = YES;
				GENERATE_INFOPLIST_FILE = NO;
				INFOPLIST_FILE = App/Info.plist;
				LD_RUNPATH_SEARCH_PATHS = (
					"$(inherited)",
					"@executable_path/../Frameworks",
				);
				PRODUCT_BUNDLE_IDENTIFIER = com.haotingyi.standupreminder;
				PRODUCT_NAME = StandUpReminder;
				SDKROOT = macosx;
			};
			name = Release;
		};
/* End XCBuildConfiguration section */

/* Begin XCConfigurationList section */
		9D3740B21D3A07AEFAD93C06 /* Build configuration list for PBXNativeTarget "StandUpReminder" */ = {
			isa = XCConfigurationList;
			buildConfigurations = (
				6AEF00531E4A33197CED4B8E /* Debug */,
				CEE1C8E0332D21FFBE18BC28 /* Release */,
			);
			defaultConfigurationIsVisible = 0;
			defaultConfigurationName = Debug;
		};
		FD4D76D88AC2FF1F7DD97B76 /* Build configuration list for PBXProject "StandUpReminder" */ = {
			isa = XCConfigurationList;
			buildConfigurations = (
				745D5200BA5F01FB93525430 /* Debug */,
				7129D110E7A859FF701FEC4D /* Release */,
			);
			defaultConfigurationIsVisible = 0;
			defaultConfigurationName = Debug;
		};
/* End XCConfigurationList section */
	};
	rootObject = D91D2A39003460E3D106527F /* Project object */;
}
